
Microsoft Visual Studio Solution File, Format Version 12.00
# Visual Studio Version 17
VisualStudioVersion = 17.14.36414.22 d17.14
MinimumVisualStudioVersion = 10.0.40219.1
Project("{FAE04EC0-301F-11D3-BF4B-00C04F79EFBC}") = "Messier45_OS", "Messier45_OS\Messier45_OS.csproj", "{511900A2-5704-4301-813A-D7D58D8ABE82}"
EndProject
Global
	GlobalSection(SolutionConfigurationPlatforms) = preSolution
		Debug|Any CPU = Debug|Any CPU
		Release|Any CPU = Release|Any CPU
	EndGlobalSection
	GlobalSection(ProjectConfigurationPlatforms) = postSolution
		{511900A2-5704-4301-813A-D7D58D8ABE82}.Debug|Any CPU.ActiveCfg = Debug|Any CPU
		{511900A2-5704-4301-813A-D7D58D8ABE82}.Debug|Any CPU.Build.0 = Debug|Any CPU
		{511900A2-5704-4301-813A-D7D58D8ABE82}.Release|Any CPU.ActiveCfg = Release|Any CPU
		{511900A2-5704-4301-813A-D7D58D8ABE82}.Release|Any CPU.Build.0 = Release|Any CPU
	EndGlobalSection
	GlobalSection(SolutionProperties) = preSolution
		HideSolutionNode = FALSE
	EndGlobalSection
	GlobalSection(ExtensibilityGlobals) = postSolution
		SolutionGuid = {A45E9690-2B06-4026-A8BB-A797E135CEB6}
	EndGlobalSection
EndGlobal
